
Microsoft Visual Studio Solution File, Format Version 12.00
# Visual Studio Version 17
VisualStudioVersion = 17.6.33829.357
MinimumVisualStudioVersion = 10.0.40219.1
Project("{FAE04EC0-301F-11D3-BF4B-00C04F79EFBC}") = "DomainLayer", "DomainLayer\DomainLayer.csproj", "{7CF6001F-BCF9-4EF9-BE8B-88466358D53B}"
EndProject
Project("{FAE04EC0-301F-11D3-BF4B-00C04F79EFBC}") = "RepositoryLayer", "RepositoryLayer\RepositoryLayer.csproj", "{77A2DE18-62C7-4C68-80AC-0F76C2D92840}"
EndProject
Project("{FAE04EC0-301F-11D3-BF4B-00C04F79EFBC}") = "ServiceLayer", "ServiceLayer\ServiceLayer.csproj", "{27DB2DB6-BEA8-427C-BF12-78859F26E661}"
EndProject
Project("{FAE04EC0-301F-11D3-BF4B-00C04F79EFBC}") = "OnionArchitectureInAspNetCore6WebAPI", "OnionArchitectureInAspNetCore6WebAPI\OnionArchitectureInAspNetCore6WebAPI.csproj", "{51CCAF42-27C5-415C-92AC-C6A3E518DCAA}"
EndProject
Project("{E53339B2-1760-4266-BCC7-CA923CBCF16C}") = "docker-compose", "docker-compose.dcproj", "{03EB67AD-341D-4174-B781-87CD9CF2606C}"
EndProject
Global
	GlobalSection(SolutionConfigurationPlatforms) = preSolution
		Debug|Any CPU = Debug|Any CPU
		Release|Any CPU = Release|Any CPU
	EndGlobalSection
	GlobalSection(ProjectConfigurationPlatforms) = postSolution
		{7CF6001F-BCF9-4EF9-BE8B-88466358D53B}.Debug|Any CPU.ActiveCfg = Debug|Any CPU
		{7CF6001F-BCF9-4EF9-BE8B-88466358D53B}.Debug|Any CPU.Build.0 = Debug|Any CPU
		{7CF6001F-BCF9-4EF9-BE8B-88466358D53B}.Release|Any CPU.ActiveCfg = Release|Any CPU
		{7CF6001F-BCF9-4EF9-BE8B-88466358D53B}.Release|Any CPU.Build.0 = Release|Any CPU
		{77A2DE18-62C7-4C68-80AC-0F76C2D92840}.Debug|Any CPU.ActiveCfg = Debug|Any CPU
		{77A2DE18-62C7-4C68-80AC-0F76C2D92840}.Debug|Any CPU.Build.0 = Debug|Any CPU
		{77A2DE18-62C7-4C68-80AC-0F76C2D92840}.Release|Any CPU.ActiveCfg = Release|Any CPU
		{77A2DE18-62C7-4C68-80AC-0F76C2D92840}.Release|Any CPU.Build.0 = Release|Any CPU
		{27DB2DB6-BEA8-427C-BF12-78859F26E661}.Debug|Any CPU.ActiveCfg = Debug|Any CPU
		{27DB2DB6-BEA8-427C-BF12-78859F26E661}.Debug|Any CPU.Build.0 = Debug|Any CPU
		{27DB2DB6-BEA8-427C-BF12-78859F26E661}.Release|Any CPU.ActiveCfg = Release|Any CPU
		{27DB2DB6-BEA8-427C-BF12-78859F26E661}.Release|Any CPU.Build.0 = Release|Any CPU
		{51CCAF42-27C5-415C-92AC-C6A3E518DCAA}.Debug|Any CPU.ActiveCfg = Debug|Any CPU
		{51CCAF42-27C5-415C-92AC-C6A3E518DCAA}.Debug|Any CPU.Build.0 = Debug|Any CPU
		{51CCAF42-27C5-415C-92AC-C6A3E518DCAA}.Release|Any CPU.ActiveCfg = Release|Any CPU
		{51CCAF42-27C5-415C-92AC-C6A3E518DCAA}.Release|Any CPU.Build.0 = Release|Any CPU
		{03EB67AD-341D-4174-B781-87CD9CF2606C}.Debug|Any CPU.ActiveCfg = Debug|Any CPU
		{03EB67AD-341D-4174-B781-87CD9CF2606C}.Debug|Any CPU.Build.0 = Debug|Any CPU
		{03EB67AD-341D-4174-B781-87CD9CF2606C}.Release|Any CPU.ActiveCfg = Release|Any CPU
		{03EB67AD-341D-4174-B781-87CD9CF2606C}.Release|Any CPU.Build.0 = Release|Any CPU
	EndGlobalSection
	GlobalSection(SolutionProperties) = preSolution
		HideSolutionNode = FALSE
	EndGlobalSection
	GlobalSection(ExtensibilityGlobals) = postSolution
		SolutionGuid = {52E15F4F-80C3-44A6-B775-62F4E9B50E9A}
	EndGlobalSection
EndGlobal
